// !$*UTF8*$!
{
	archiveVersion = 1;
	classes = {
	};
	objectVersion = 50;
	objects = {

/* Begin PBXBuildFile section */
		CB94A465245EABCE00B43CBE /* AppDelegate.swift in Sources */ = {isa = PBXBuildFile; fileRef = CB94A464245EABCE00B43CBE /* AppDelegate.swift */; };
		CB94A467245EABCE00B43CBE /* SceneDelegate.swift in Sources */ = {isa = PBXBuildFile; fileRef = CB94A466245EABCE00B43CBE /* SceneDelegate.swift */; };
		CB94A469245EABCE00B43CBE /* ViewController.swift in Sources */ = {isa = PBXBuildFile; fileRef = CB94A468245EABCE00B43CBE /* ViewController.swift */; };
		CB94A46C245EABCE00B43CBE /* Main.storyboard in Resources */ = {isa = PBXBuildFile; fileRef = CB94A46A245EABCE00B43CBE /* Main.storyboard */; };
		CB94A46E245EABD100B43CBE /* Assets.xcassets in Resources */ = {isa = PBXBuildFile; fileRef = CB94A46D245EABD100B43CBE /* Assets.xcassets */; };
		CB94A471245EABD100B43CBE /* LaunchScreen.storyboard in Resources */ = {isa = PBXBuildFile; fileRef = CB94A46F245EABD100B43CBE /* LaunchScreen.storyboard */; };
/* End PBXBuildFile section */

/* Begin PBXFileReference section */
		CB94A461245EABCE00B43CBE /* AlamofireLatestGet.app */ = {isa = PBXFileReference; explicitFileType = wrapper.application; includeInIndex = 0; path = AlamofireLatestGet.app; sourceTree = BUILT_PRODUCTS_DIR; };
		CB94A464245EABCE00B43CBE /* AppDelegate.swift */ = {isa = PBXFileReference; lastKnownFileType = sourcecode.swift; path = AppDelegate.swift; sourceTree = "<group>"; };
		CB94A466245EABCE00B43CBE /* SceneDelegate.swift */ = {isa = PBXFileReference; lastKnownFileType = sourcecode.swift; path = SceneDelegate.swift; sourceTree = "<group>"; };
		CB94A468245EABCE00B43CBE /* ViewController.swift */ = {isa = PBXFileReference; lastKnownFileType = sourcecode.swift; path = ViewController.swift; sourceTree = "<group>"; };
		CB94A46B245EABCE00B43CBE /* Base */ = {isa = PBXFileReference; lastKnownFileType = file.storyboard; name = Base; path = Base.lproj/Main.storyboard; sourceTree = "<group>"; };
		CB94A46D245EABD100B43CBE /* Assets.xcassets */ = {isa = PBXFileReference; lastKnownFileType = folder.assetcatalog; path = Assets.xcassets; sourceTree = "<group>"; };
		CB94A470245EABD100B43CBE /* Base */ = {isa = PBXFileReference; lastKnownFileType = file.storyboard; name = Base; path = Base.lproj/LaunchScreen.storyboard; sourceTree = "<group>"; };
		CB94A472245EABD100B43CBE /* Info.plist */ = {isa = PBXFileReference; lastKnownFileType = text.plist.xml; path = Info.plist; sourceTree = "<group>"; };
/* End PBXFileReference section */

/* Begin PBXFrameworksBuildPhase section */
		CB94A45E245EABCE00B43CBE /* Frameworks */ = {
			isa = PBXFrameworksBuildPhase;
			buildActionMask = 2147483647;
			files = (
			);
			runOnlyForDeploymentPostprocessing = 0;
		};
/* End PBXFrameworksBuildPhase section */

/* Begin PBXGroup section */
		CB94A458245EABCE00B43CBE = {
			isa = PBXGroup;
			children = (
				CB94A463245EABCE00B43CBE /* AlamofireLatestGet */,
				CB94A462245EABCE00B43CBE /* Products */,
			);
			sourceTree = "<group>";
		};
		CB94A462245EABCE00B43CBE /* Products */ = {
			isa = PBXGroup;
			children = (
				CB94A461245EABCE00B43CBE /* AlamofireLatestGet.app */,
			);
			name = Products;
			sourceTree = "<group>";
		};
		CB94A463245EABCE00B43CBE /* AlamofireLatestGet */ = {
			isa = PBXGroup;
			children = (
				CB94A464245EABCE00B43CBE /* AppDelegate.swift */,
				CB94A466245EABCE00B43CBE /* SceneDelegate.swift */,
				CB94A468245EABCE00B43CBE /* ViewController.swift */,
				CB94A46A245EABCE00B43CBE /* Main.storyboard */,
				CB94A46D245EABD100B43CBE /* Assets.xcassets */,
				CB94A46F245EABD100B43CBE /* LaunchScreen.storyboard */,
				CB94A472245EABD100B43CBE /* Info.plist */,
			);
			path = AlamofireLatestGet;
			sourceTree = "<group>";
		};
/* End PBXGroup section */

/* Begin PBXNativeTarget section */
		CB94A460245EABCE00B43CBE /* AlamofireLatestGet */ = {
			isa = PBXNativeTarget;
			buildConfigurationList = CB94A475245EABD100B43CBE /* Build configuration list for PBXNativeTarget "AlamofireLatestGet" */;
			buildPhases = (
				CB94A45D245EABCE00B43CBE /* Sources */,
				CB94A45E245EABCE00B43CBE /* Frameworks */,
				CB94A45F245EABCE00B43CBE /* Resources */,
			);
			buildRules = (
			);
			dependencies = (
			);
			name = AlamofireLatestGet;
			productName = AlamofireLatestGet;
			productReference = CB94A461245EABCE00B43CBE /* AlamofireLatestGet.app */;
			productType = "com.apple.product-type.application";
		};
/* End PBXNativeTarget section */

/* Begin PBXProject section */
		CB94A459245EABCE00B43CBE /* Project object */ = {
			isa = PBXProject;
			attributes = {
				LastSwiftUpdateCheck = 1140;
				LastUpgradeCheck = 1140;
				ORGANIZATIONNAME = "Nikhil Balne";
				TargetAttributes = {
					CB94A460245EABCE00B43CBE = {
						CreatedOnToolsVersion = 11.4;
					};
				};
			};
			buildConfigurationList = CB94A45C245EABCE00B43CBE /* Build configuration list for PBXProject "AlamofireLatestGet" */;
			compatibilityVersion = "Xcode 9.3";
			developmentRegion = en;
			hasScannedForEncodings = 0;
			knownRegions = (
				en,
				Base,
			);
			mainGroup = CB94A458245EABCE00B43CBE;
			productRefGroup = CB94A462245EABCE00B43CBE /* Products */;
			projectDirPath = "";
			projectRoot = "";
			targets = (
				CB94A460245EABCE00B43CBE /* AlamofireLatestGet */,
			);
		};
/* End PBXProject section */

/* Begin PBXResourcesBuildPhase section */
		CB94A45F245EABCE00B43CBE /* Resources */ = {
			isa = PBXResourcesBuildPhase;
			buildActionMask = 2147483647;
			files = (
				CB94A471245EABD100B43CBE /* LaunchScreen.storyboard in Resources */,
				CB94A46E245EABD100B43CBE /* Assets.xcassets in Resources */,
				CB94A46C245EABCE00B43CBE /* Main.storyboard in Resources */,
			);
			runOnlyForDeploymentPostprocessing = 0;
		};
/* End PBXResourcesBuildPhase section */

/* Begin PBXSourcesBuildPhase section */
		CB94A45D245EABCE00B43CBE /* Sources */ = {
			isa = PBXSourcesBuildPhase;
			buildActionMask = 2147483647;
			files = (
				CB94A469245EABCE00B43CBE /* ViewController.swift in Sources */,
				CB94A465245EABCE00B43CBE /* AppDelegate.swift in Sources */,
				CB94A467245EABCE00B43CBE /* SceneDelegate.swift in Sources */,
			);
			runOnlyForDeploymentPostprocessing = 0;
		};
/* End PBXSourcesBuildPhase section */

/* Begin PBXVariantGroup section */
		CB94A46A245EABCE00B43CBE /* Main.storyboard */ = {
			isa = PBXVariantGroup;
			children = (
				CB94A46B245EABCE00B43CBE /* Base */,
			);
			name = Main.storyboard;
			sourceTree = "<group>";
		};
		CB94A46F245EABD100B43CBE /* LaunchScreen.storyboard */ = {
			isa = PBXVariantGroup;
			children = (
				CB94A470245EABD100B43CBE /* Base */,
			);
			name = LaunchScreen.storyboard;
			sourceTree = "<group>";
		};
/* End PBXVariantGroup section */

/* Begin XCBuildConfiguration section */
		CB94A473245EABD100B43CBE /* Debug */ = {
			isa = XCBuildConfiguration;
			buildSettings = {
				ALWAYS_SEARCH_USER_PATHS = NO;
				CLANG_ANALYZER_NONNULL = YES;
				CLANG_ANALYZER_NUMBER_OBJECT_CONVERSION = YES_AGGRESSIVE;
				CLANG_CXX_LANGUAGE_STANDARD = "gnu++14";
				CLANG_CXX_LIBRARY = "libc++";
				CLANG_ENABLE_MODULES = YES;
				CLANG_ENABLE_OBJC_ARC = YES;
				CLANG_ENABLE_OBJC_WEAK = YES;
				CLANG_WARN_BLOCK_CAPTURE_AUTORELEASING = YES;
				CLANG_WARN_BOOL_CONVERSION = YES;
				CLANG_WARN_COMMA = YES;
				CLANG_WARN_CONSTANT_CONVERSION = YES;
				CLANG_WARN_DEPRECATED_OBJC_IMPLEMENTATIONS = YES;
				CLANG_WARN_DIRECT_OBJC_ISA_USAGE = YES_ERROR;
				CLANG_WARN_DOCUMENTATION_COMMENTS = YES;
				CLANG_WARN_EMPTY_BODY = YES;
				CLANG_WARN_ENUM_CONVERSION = YES;
				CLANG_WARN_INFINITE_RECURSION = YES;
				CLANG_WARN_INT_CONVERSION = YES;
				CLANG_WARN_NON_LITERAL_NULL_CONVERSION = YES;
				CLANG_WARN_OBJC_IMPLICIT_RETAIN_SELF = YES;
				CLANG_WARN_OBJC_LITERAL_CONVERSION = YES;
				CLANG_WARN_OBJC_ROOT_CLASS = YES_ERROR;
				CLANG_WARN_RANGE_LOOP_ANALYSIS = YES;
				CLANG_WARN_STRICT_PROTOTYPES = YES;
				CLANG_WARN_SUSPICIOUS_MOVE = YES;
				CLANG_WARN_UNGUARDED_AVAILABILITY = YES_AGGRESSIVE;
				CLANG_WARN_UNREACHABLE_CODE = YES;
				CLANG_WARN__DUPLICATE_METHOD_MATCH = YES;
				COPY_PHASE_STRIP = NO;
				DEBUG_INFORMATION_FORMAT = dwarf;
				ENABLE_STRICT_OBJC_MSGSEND = YES;
				ENABLE_TESTABILITY = YES;
				GCC_C_LANGUAGE_STANDARD = gnu11;
				GCC_DYNAMIC_NO_PIC = NO;
				GCC_NO_COMMON_BLOCKS = YES;
				GCC_OPTIMIZATION_LEVEL = 0;
				GCC_PREPROCESSOR_DEFINITIONS = (
					"DEBUG=1",
					"$(inherited)",
				);
				GCC_WARN_64_TO_32_BIT_CONVERSION = YES;
				GCC_WARN_ABOUT_RETURN_TYPE = YES_ERROR;
				GCC_WARN_UNDECLARED_SELECTOR = YES;
				GCC_WARN_UNINITIALIZED_AUTOS = YES_AGGRESSIVE;
				GCC_WARN_UNUSED_FUNCTION = YES;
				GCC_WARN_UNUSED_VARIABLE = YES;
				IPHONEOS_DEPLOYMENT_TARGET = 13.4;
				MTL_ENABLE_DEBUG_INFO = INCLUDE_SOURCE;
				MTL_FAST_MATH = YES;
				ONLY_ACTIVE_ARCH = YES;
				SDKROOT = iphoneos;
				SWIFT_ACTIVE_COMPILATION_CONDITIONS = DEBUG;
				SWIFT_OPTIMIZATION_LEVEL = "-Onone";
			};
			name = Debug;
		};
		CB94A474245EABD100B43CBE /* Release */ = {
			isa = XCBuildConfiguration;
			buildSettings = {
				ALWAYS_SEARCH_USER_PATHS = NO;
				CLANG_ANALYZER_NONNULL = YES;
				CLANG_ANALYZER_NUMBER_OBJECT_CONVERSION = YES_AGGRESSIVE;
				CLANG_CXX_LANGUAGE_STANDARD = "gnu++14";
				CLANG_CXX_LIBRARY = "libc++";
				CLANG_ENABLE_MODULES = YES;
				CLANG_ENABLE_OBJC_ARC = YES;
				CLANG_ENABLE_OBJC_WEAK = YES;
				CLANG_WARN_BLOCK_CAPTURE_AUTORELEASING = YES;
				CLANG_WARN_BOOL_CONVERSION = YES;
				CLANG_WARN_COMMA = YES;
				CLANG_WARN_CONSTANT_CONVERSION = YES;
				CLANG_WARN_DEPRECATED_OBJC_IMPLEMENTATIONS = YES;
				CLANG_WARN_DIRECT_OBJC_ISA_USAGE = YES_ERROR;
				CLANG_WARN_DOCUMENTATION_COMMENTS = YES;
				CLANG_WARN_EMPTY_BODY = YES;
				CLANG_WARN_ENUM_CONVERSION = YES;
				CLANG_WARN_INFINITE_RECURSION = YES;
				CLANG_WARN_INT_CONVERSION = YES;
				CLANG_WARN_NON_LITERAL_NULL_CONVERSION = YES;
				CLANG_WARN_OBJC_IMPLICIT_RETAIN_SELF = YES;
				CLANG_WARN_OBJC_LITERAL_CONVERSION = YES;
				CLANG_WARN_OBJC_ROOT_CLASS = YES_ERROR;
				CLANG_WARN_RANGE_LOOP_ANALYSIS = YES;
				CLANG_WARN_STRICT_PROTOTYPES = YES;
				CLANG_WARN_SUSPICIOUS_MOVE = YES;
				CLANG_WARN_UNGUARDED_AVAILABILITY = YES_AGGRESSIVE;
				CLANG_WARN_UNREACHABLE_CODE = YES;
				CLANG_WARN__DUPLICATE_METHOD_MATCH = YES;
				COPY_PHASE_STRIP = NO;
				DEBUG_INFORMATION_FORMAT = "dwarf-with-dsym";
				ENABLE_NS_ASSERTIONS = NO;
				ENABLE_STRICT_OBJC_MSGSEND = YES;
				GCC_C_LANGUAGE_STANDARD = gnu11;
				GCC_NO_COMMON_BLOCKS = YES;
				GCC_WARN_64_TO_32_BIT_CONVERSION = YES;
				GCC_WARN_ABOUT_RETURN_TYPE = YES_ERROR;
				GCC_WARN_UNDECLARED_SELECTOR = YES;
				GCC_WARN_UNINITIALIZED_AUTOS = YES_AGGRESSIVE;
				GCC_WARN_UNUSED_FUNCTION = YES;
				GCC_WARN_UNUSED_VARIABLE = YES;
				IPHONEOS_DEPLOYMENT_TARGET = 13.4;
				MTL_ENABLE_DEBUG_INFO = NO;
				MTL_FAST_MATH = YES;
				SDKROOT = iphoneos;
				SWIFT_COMPILATION_MODE = wholemodule;
				SWIFT_OPTIMIZATION_LEVEL = "-O";
				VALIDATE_PRODUCT = YES;
			};
			name = Release;
		};
		CB94A476245EABD100B43CBE /* Debug */ = {
			isa = XCBuildConfiguration;
			buildSettings = {
				ASSETCATALOG_COMPILER_APPICON_NAME = AppIcon;
				CODE_SIGN_STYLE = Automatic;
				INFOPLIST_FILE = AlamofireLatestGet/Info.plist;
				LD_RUNPATH_SEARCH_PATHS = (
					"$(inherited)",
					"@executable_path/Frameworks",
				);
				PRODUCT_BUNDLE_IDENTIFIER = ihubtechnologies.AlamofireLatestGet;
				PRODUCT_NAME = "$(TARGET_NAME)";
				SWIFT_VERSION = 5.0;
				TARGETED_DEVICE_FAMILY = "1,2";
			};
			name = Debug;
		};
		CB94A477245EABD100B43CBE /* Release */ = {
			isa = XCBuildConfiguration;
			buildSettings = {
				ASSETCATALOG_COMPILER_APPICON_NAME = AppIcon;
				CODE_SIGN_STYLE = Automatic;
				INFOPLIST_FILE = AlamofireLatestGet/Info.plist;
				LD_RUNPATH_SEARCH_PATHS = (
					"$(inherited)",
					"@executable_path/Frameworks",
				);
				PRODUCT_BUNDLE_IDENTIFIER = ihubtechnologies.AlamofireLatestGet;
				PRODUCT_NAME = "$(TARGET_NAME)";
				SWIFT_VERSION = 5.0;
				TARGETED_DEVICE_FAMILY = "1,2";
			};
			name = Release;
		};
/* End XCBuildConfiguration section */

/* Begin XCConfigurationList section */
		CB94A45C245EABCE00B43CBE /* Build configuration list for PBXProject "AlamofireLatestGet" */ = {
			isa = XCConfigurationList;
			buildConfigurations = (
				CB94A473245EABD100B43CBE /* Debug */,
				CB94A474245EABD100B43CBE /* Release */,
			);
			defaultConfigurationIsVisible = 0;
			defaultConfigurationName = Release;
		};
		CB94A475245EABD100B43CBE /* Build configuration list for PBXNativeTarget "AlamofireLatestGet" */ = {
			isa = XCConfigurationList;
			buildConfigurations = (
				CB94A476245EABD100B43CBE /* Debug */,
				CB94A477245EABD100B43CBE /* Release */,
			);
			defaultConfigurationIsVisible = 0;
			defaultConfigurationName = Release;
		};
/* End XCConfigurationList section */
	};
	rootObject = CB94A459245EABCE00B43CBE /* Project object */;
}
